// !$*UTF8*$!
{
	archiveVersion = 1;
	classes = {
	};
	objectVersion = 55;
	objects = {

/* Begin PBXBuildFile section */
		D2459BFA2BAD1CF300AC0F51 /* ChatModel.swift in Sources */ = {isa = PBXBuildFile; fileRef = D2459BF92BAD1CF300AC0F51 /* ChatModel.swift */; };
		D2459BFD2BAD2FC900AC0F51 /* ReadMe.md in Resources */ = {isa = PBXBuildFile; fileRef = D2459BFC2BAD2FC900AC0F51 /* ReadMe.md */; };
		D275A28B2BABD5B4001D79D5 /* ChatFireBaseAppApp.swift in Sources */ = {isa = PBXBuildFile; fileRef = D275A28A2BABD5B4001D79D5 /* ChatFireBaseAppApp.swift */; };
		D275A2912BABD5B6001D79D5 /* Assets.xcassets in Resources */ = {isa = PBXBuildFile; fileRef = D275A2902BABD5B6001D79D5 /* Assets.xcassets */; };
		D275A2942BABD5B6001D79D5 /* Preview Assets.xcassets in Resources */ = {isa = PBXBuildFile; fileRef = D275A2932BABD5B6001D79D5 /* Preview Assets.xcassets */; };
		D275A29E2BABD5B6001D79D5 /* ChatFireBaseAppTests.swift in Sources */ = {isa = PBXBuildFile; fileRef = D275A29D2BABD5B6001D79D5 /* ChatFireBaseAppTests.swift */; };
		D275A2A82BABD5B6001D79D5 /* ChatFireBaseAppUITests.swift in Sources */ = {isa = PBXBuildFile; fileRef = D275A2A72BABD5B6001D79D5 /* ChatFireBaseAppUITests.swift */; };
		D275A2AA2BABD5B6001D79D5 /* ChatFireBaseAppUITestsLaunchTests.swift in Sources */ = {isa = PBXBuildFile; fileRef = D275A2A92BABD5B6001D79D5 /* ChatFireBaseAppUITestsLaunchTests.swift */; };
		D275A2B82BABD6B0001D79D5 /* FirebaseAnalytics in Frameworks */ = {isa = PBXBuildFile; productRef = D275A2B72BABD6B0001D79D5 /* FirebaseAnalytics */; };
		D275A2BA2BABD6B0001D79D5 /* FirebaseAnalyticsOnDeviceConversion in Frameworks */ = {isa = PBXBuildFile; productRef = D275A2B92BABD6B0001D79D5 /* FirebaseAnalyticsOnDeviceConversion */; };
		D275A2BC2BABD6B0001D79D5 /* FirebaseAnalyticsSwift in Frameworks */ = {isa = PBXBuildFile; productRef = D275A2BB2BABD6B0001D79D5 /* FirebaseAnalyticsSwift */; };
		D275A2BE2BABD6B0001D79D5 /* FirebaseAnalyticsWithoutAdIdSupport in Frameworks */ = {isa = PBXBuildFile; productRef = D275A2BD2BABD6B0001D79D5 /* FirebaseAnalyticsWithoutAdIdSupport */; };
		D275A2C02BABD6B0001D79D5 /* FirebaseAppCheck in Frameworks */ = {isa = PBXBuildFile; productRef = D275A2BF2BABD6B0001D79D5 /* FirebaseAppCheck */; };
		D275A2C22BABD6B0001D79D5 /* FirebaseAuth in Frameworks */ = {isa = PBXBuildFile; productRef = D275A2C12BABD6B0001D79D5 /* FirebaseAuth */; };
		D275A2C42BABD6B0001D79D5 /* FirebaseDatabase in Frameworks */ = {isa = PBXBuildFile; productRef = D275A2C32BABD6B0001D79D5 /* FirebaseDatabase */; };
		D275A2C62BABD6B0001D79D5 /* FirebaseDatabaseSwift in Frameworks */ = {isa = PBXBuildFile; productRef = D275A2C52BABD6B0001D79D5 /* FirebaseDatabaseSwift */; };
		D275A2CA2BABDAE9001D79D5 /* ChatView.swift in Sources */ = {isa = PBXBuildFile; fileRef = D275A2C92BABDAE9001D79D5 /* ChatView.swift */; };
		D275A2CE2BABE0A1001D79D5 /* GoogleService-Info.plist in Resources */ = {isa = PBXBuildFile; fileRef = D275A2CD2BABE0A1001D79D5 /* GoogleService-Info.plist */; };
		D275A2D42BAC0F63001D79D5 /* RoomView.swift in Sources */ = {isa = PBXBuildFile; fileRef = D275A2D32BAC0F63001D79D5 /* RoomView.swift */; };
		D275A2D72BAC100A001D79D5 /* room.swift in Sources */ = {isa = PBXBuildFile; fileRef = D275A2D62BAC100A001D79D5 /* room.swift */; };
		D275A2D92BAC13D0001D79D5 /* AddNewRoom.swift in Sources */ = {isa = PBXBuildFile; fileRef = D275A2D82BAC13D0001D79D5 /* AddNewRoom.swift */; };
		D275A2DC2BAC1B65001D79D5 /* MainView.swift in Sources */ = {isa = PBXBuildFile; fileRef = D275A2DB2BAC1B65001D79D5 /* MainView.swift */; };
		D275A2DE2BAC1C13001D79D5 /* Launch Screen.storyboard in Resources */ = {isa = PBXBuildFile; fileRef = D275A2DD2BAC1C13001D79D5 /* Launch Screen.storyboard */; };
		D275A2E02BAC1DE7001D79D5 /* NameView.swift in Sources */ = {isa = PBXBuildFile; fileRef = D275A2DF2BAC1DE7001D79D5 /* NameView.swift */; };
		D275A2E32BAC1EC6001D79D5 /* button.swift in Sources */ = {isa = PBXBuildFile; fileRef = D275A2E22BAC1EC6001D79D5 /* button.swift */; };
		D275A2E52BAC2089001D79D5 /* textfield.swift in Sources */ = {isa = PBXBuildFile; fileRef = D275A2E42BAC2089001D79D5 /* textfield.swift */; };
/* End PBXBuildFile section */

/* Begin PBXContainerItemProxy section */
		D275A29A2BABD5B6001D79D5 /* PBXContainerItemProxy */ = {
			isa = PBXContainerItemProxy;
			containerPortal = D275A27F2BABD5B4001D79D5 /* Project object */;
			proxyType = 1;
			remoteGlobalIDString = D275A2862BABD5B4001D79D5;
			remoteInfo = ChatFireBaseApp;
		};
		D275A2A42BABD5B6001D79D5 /* PBXContainerItemProxy */ = {
			isa = PBXContainerItemProxy;
			containerPortal = D275A27F2BABD5B4001D79D5 /* Project object */;
			proxyType = 1;
			remoteGlobalIDString = D275A2862BABD5B4001D79D5;
			remoteInfo = ChatFireBaseApp;
		};
/* End PBXContainerItemProxy section */

/* Begin PBXFileReference section */
		D2459BF92BAD1CF300AC0F51 /* ChatModel.swift */ = {isa = PBXFileReference; lastKnownFileType = sourcecode.swift; path = ChatModel.swift; sourceTree = "<group>"; };
		D2459BFB2BAD24EB00AC0F51 /* Info.plist */ = {isa = PBXFileReference; lastKnownFileType = text.plist; path = Info.plist; sourceTree = "<group>"; };
		D2459BFC2BAD2FC900AC0F51 /* ReadMe.md */ = {isa = PBXFileReference; lastKnownFileType = net.daringfireball.markdown; path = ReadMe.md; sourceTree = "<group>"; };
		D275A2872BABD5B4001D79D5 /* ChatFireBaseApp.app */ = {isa = PBXFileReference; explicitFileType = wrapper.application; includeInIndex = 0; path = ChatFireBaseApp.app; sourceTree = BUILT_PRODUCTS_DIR; };
		D275A28A2BABD5B4001D79D5 /* ChatFireBaseAppApp.swift */ = {isa = PBXFileReference; lastKnownFileType = sourcecode.swift; path = ChatFireBaseAppApp.swift; sourceTree = "<group>"; };
		D275A2902BABD5B6001D79D5 /* Assets.xcassets */ = {isa = PBXFileReference; lastKnownFileType = folder.assetcatalog; path = Assets.xcassets; sourceTree = "<group>"; };
		D275A2932BABD5B6001D79D5 /* Preview Assets.xcassets */ = {isa = PBXFileReference; lastKnownFileType = folder.assetcatalog; path = "Preview Assets.xcassets"; sourceTree = "<group>"; };
		D275A2992BABD5B6001D79D5 /* ChatFireBaseAppTests.xctest */ = {isa = PBXFileReference; explicitFileType = wrapper.cfbundle; includeInIndex = 0; path = ChatFireBaseAppTests.xctest; sourceTree = BUILT_PRODUCTS_DIR; };
		D275A29D2BABD5B6001D79D5 /* ChatFireBaseAppTests.swift */ = {isa = PBXFileReference; lastKnownFileType = sourcecode.swift; path = ChatFireBaseAppTests.swift; sourceTree = "<group>"; };
		D275A2A32BABD5B6001D79D5 /* ChatFireBaseAppUITests.xctest */ = {isa = PBXFileReference; explicitFileType = wrapper.cfbundle; includeInIndex = 0; path = ChatFireBaseAppUITests.xctest; sourceTree = BUILT_PRODUCTS_DIR; };
		D275A2A72BABD5B6001D79D5 /* ChatFireBaseAppUITests.swift */ = {isa = PBXFileReference; lastKnownFileType = sourcecode.swift; path = ChatFireBaseAppUITests.swift; sourceTree = "<group>"; };
		D275A2A92BABD5B6001D79D5 /* ChatFireBaseAppUITestsLaunchTests.swift */ = {isa = PBXFileReference; lastKnownFileType = sourcecode.swift; path = ChatFireBaseAppUITestsLaunchTests.swift; sourceTree = "<group>"; };
		D275A2C92BABDAE9001D79D5 /* ChatView.swift */ = {isa = PBXFileReference; lastKnownFileType = sourcecode.swift; path = ChatView.swift; sourceTree = "<group>"; };
		D275A2CD2BABE0A1001D79D5 /* GoogleService-Info.plist */ = {isa = PBXFileReference; fileEncoding = 4; lastKnownFileType = text.plist.xml; path = "GoogleService-Info.plist"; sourceTree = "<group>"; };
		D275A2D32BAC0F63001D79D5 /* RoomView.swift */ = {isa = PBXFileReference; lastKnownFileType = sourcecode.swift; path = RoomView.swift; sourceTree = "<group>"; };
		D275A2D62BAC100A001D79D5 /* room.swift */ = {isa = PBXFileReference; lastKnownFileType = sourcecode.swift; path = room.swift; sourceTree = "<group>"; };
		D275A2D82BAC13D0001D79D5 /* AddNewRoom.swift */ = {isa = PBXFileReference; lastKnownFileType = sourcecode.swift; path = AddNewRoom.swift; sourceTree = "<group>"; };
		D275A2DB2BAC1B65001D79D5 /* MainView.swift */ = {isa = PBXFileReference; lastKnownFileType = sourcecode.swift; path = MainView.swift; sourceTree = "<group>"; };
		D275A2DD2BAC1C13001D79D5 /* Launch Screen.storyboard */ = {isa = PBXFileReference; lastKnownFileType = file.storyboard; path = "Launch Screen.storyboard"; sourceTree = "<group>"; };
		D275A2DF2BAC1DE7001D79D5 /* NameView.swift */ = {isa = PBXFileReference; lastKnownFileType = sourcecode.swift; path = NameView.swift; sourceTree = "<group>"; };
		D275A2E22BAC1EC6001D79D5 /* button.swift */ = {isa = PBXFileReference; lastKnownFileType = sourcecode.swift; path = button.swift; sourceTree = "<group>"; };
		D275A2E42BAC2089001D79D5 /* textfield.swift */ = {isa = PBXFileReference; lastKnownFileType = sourcecode.swift; path = textfield.swift; sourceTree = "<group>"; };
/* End PBXFileReference section */

/* Begin PBXFrameworksBuildPhase section */
		D275A2842BABD5B4001D79D5 /* Frameworks */ = {
			isa = PBXFrameworksBuildPhase;
			buildActionMask = 2147483647;
			files = (
				D275A2C62BABD6B0001D79D5 /* FirebaseDatabaseSwift in Frameworks */,
				D275A2BC2BABD6B0001D79D5 /* FirebaseAnalyticsSwift in Frameworks */,
				D275A2C22BABD6B0001D79D5 /* FirebaseAuth in Frameworks */,
				D275A2B82BABD6B0001D79D5 /* FirebaseAnalytics in Frameworks */,
				D275A2BA2BABD6B0001D79D5 /* FirebaseAnalyticsOnDeviceConversion in Frameworks */,
				D275A2C02BABD6B0001D79D5 /* FirebaseAppCheck in Frameworks */,
				D275A2C42BABD6B0001D79D5 /* FirebaseDatabase in Frameworks */,
				D275A2BE2BABD6B0001D79D5 /* FirebaseAnalyticsWithoutAdIdSupport in Frameworks */,
			);
			runOnlyForDeploymentPostprocessing = 0;
		};
		D275A2962BABD5B6001D79D5 /* Frameworks */ = {
			isa = PBXFrameworksBuildPhase;
			buildActionMask = 2147483647;
			files = (
			);
			runOnlyForDeploymentPostprocessing = 0;
		};
		D275A2A02BABD5B6001D79D5 /* Frameworks */ = {
			isa = PBXFrameworksBuildPhase;
			buildActionMask = 2147483647;
			files = (
			);
			runOnlyForDeploymentPostprocessing = 0;
		};
/* End PBXFrameworksBuildPhase section */

/* Begin PBXGroup section */
		D275A27E2BABD5B4001D79D5 = {
			isa = PBXGroup;
			children = (
				D2459BFC2BAD2FC900AC0F51 /* ReadMe.md */,
				D275A2892BABD5B4001D79D5 /* ChatFireBaseApp */,
				D275A29C2BABD5B6001D79D5 /* ChatFireBaseAppTests */,
				D275A2A62BABD5B6001D79D5 /* ChatFireBaseAppUITests */,
				D275A2882BABD5B4001D79D5 /* Products */,
			);
			sourceTree = "<group>";
		};
		D275A2882BABD5B4001D79D5 /* Products */ = {
			isa = PBXGroup;
			children = (
				D275A2872BABD5B4001D79D5 /* ChatFireBaseApp.app */,
				D275A2992BABD5B6001D79D5 /* ChatFireBaseAppTests.xctest */,
				D275A2A32BABD5B6001D79D5 /* ChatFireBaseAppUITests.xctest */,
			);
			name = Products;
			sourceTree = "<group>";
		};
		D275A2892BABD5B4001D79D5 /* ChatFireBaseApp */ = {
			isa = PBXGroup;
			children = (
				D2459BFB2BAD24EB00AC0F51 /* Info.plist */,
				D275A2E12BAC1EBC001D79D5 /* UI */,
				D275A2D52BAC0FFF001D79D5 /* Model */,
				D275A2D12BAC0DE6001D79D5 /* Common */,
				D275A2CF2BAC0D88001D79D5 /* Components */,
				D275A28A2BABD5B4001D79D5 /* ChatFireBaseAppApp.swift */,
				D275A2922BABD5B6001D79D5 /* Preview Content */,
			);
			path = ChatFireBaseApp;
			sourceTree = "<group>";
		};
		D275A2922BABD5B6001D79D5 /* Preview Content */ = {
			isa = PBXGroup;
			children = (
				D275A2932BABD5B6001D79D5 /* Preview Assets.xcassets */,
			);
			path = "Preview Content";
			sourceTree = "<group>";
		};
		D275A29C2BABD5B6001D79D5 /* ChatFireBaseAppTests */ = {
			isa = PBXGroup;
			children = (
				D275A29D2BABD5B6001D79D5 /* ChatFireBaseAppTests.swift */,
			);
			path = ChatFireBaseAppTests;
			sourceTree = "<group>";
		};
		D275A2A62BABD5B6001D79D5 /* ChatFireBaseAppUITests */ = {
			isa = PBXGroup;
			children = (
				D275A2A72BABD5B6001D79D5 /* ChatFireBaseAppUITests.swift */,
				D275A2A92BABD5B6001D79D5 /* ChatFireBaseAppUITestsLaunchTests.swift */,
			);
			path = ChatFireBaseAppUITests;
			sourceTree = "<group>";
		};
		D275A2CF2BAC0D88001D79D5 /* Components */ = {
			isa = PBXGroup;
			children = (
				D275A2DA2BAC1B58001D79D5 /* Main */,
				D275A2D22BAC0F51001D79D5 /* Room */,
				D275A2D02BAC0DD2001D79D5 /* ChatRoom */,
			);
			path = Components;
			sourceTree = "<group>";
		};
		D275A2D02BAC0DD2001D79D5 /* ChatRoom */ = {
			isa = PBXGroup;
			children = (
				D275A2C92BABDAE9001D79D5 /* ChatView.swift */,
			);
			path = ChatRoom;
			sourceTree = "<group>";
		};
		D275A2D12BAC0DE6001D79D5 /* Common */ = {
			isa = PBXGroup;
			children = (
				D275A2CD2BABE0A1001D79D5 /* GoogleService-Info.plist */,
				D275A2902BABD5B6001D79D5 /* Assets.xcassets */,
				D275A2DD2BAC1C13001D79D5 /* Launch Screen.storyboard */,
			);
			path = Common;
			sourceTree = "<group>";
		};
		D275A2D22BAC0F51001D79D5 /* Room */ = {
			isa = PBXGroup;
			children = (
				D275A2D32BAC0F63001D79D5 /* RoomView.swift */,
				D275A2D82BAC13D0001D79D5 /* AddNewRoom.swift */,
			);
			path = Room;
			sourceTree = "<group>";
		};
		D275A2D52BAC0FFF001D79D5 /* Model */ = {
			isa = PBXGroup;
			children = (
				D275A2D62BAC100A001D79D5 /* room.swift */,
				D2459BF92BAD1CF300AC0F51 /* ChatModel.swift */,
			);
			path = Model;
			sourceTree = "<group>";
		};
		D275A2DA2BAC1B58001D79D5 /* Main */ = {
			isa = PBXGroup;
			children = (
				D275A2DB2BAC1B65001D79D5 /* MainView.swift */,
				D275A2DF2BAC1DE7001D79D5 /* NameView.swift */,
			);
			path = Main;
			sourceTree = "<group>";
		};
		D275A2E12BAC1EBC001D79D5 /* UI */ = {
			isa = PBXGroup;
			children = (
				D275A2E22BAC1EC6001D79D5 /* button.swift */,
				D275A2E42BAC2089001D79D5 /* textfield.swift */,
			);
			path = UI;
			sourceTree = "<group>";
		};
/* End PBXGroup section */

/* Begin PBXNativeTarget section */
		D275A2862BABD5B4001D79D5 /* ChatFireBaseApp */ = {
			isa = PBXNativeTarget;
			buildConfigurationList = D275A2AD2BABD5B6001D79D5 /* Build configuration list for PBXNativeTarget "ChatFireBaseApp" */;
			buildPhases = (
				D275A2832BABD5B4001D79D5 /* Sources */,
				D275A2842BABD5B4001D79D5 /* Frameworks */,
				D275A2852BABD5B4001D79D5 /* Resources */,
			);
			buildRules = (
			);
			dependencies = (
			);
			name = ChatFireBaseApp;
			packageProductDependencies = (
				D275A2B72BABD6B0001D79D5 /* FirebaseAnalytics */,
				D275A2B92BABD6B0001D79D5 /* FirebaseAnalyticsOnDeviceConversion */,
				D275A2BB2BABD6B0001D79D5 /* FirebaseAnalyticsSwift */,
				D275A2BD2BABD6B0001D79D5 /* FirebaseAnalyticsWithoutAdIdSupport */,
				D275A2BF2BABD6B0001D79D5 /* FirebaseAppCheck */,
				D275A2C12BABD6B0001D79D5 /* FirebaseAuth */,
				D275A2C32BABD6B0001D79D5 /* FirebaseDatabase */,
				D275A2C52BABD6B0001D79D5 /* FirebaseDatabaseSwift */,
			);
			productName = ChatFireBaseApp;
			productReference = D275A2872BABD5B4001D79D5 /* ChatFireBaseApp.app */;
			productType = "com.apple.product-type.application";
		};
		D275A2982BABD5B6001D79D5 /* ChatFireBaseAppTests */ = {
			isa = PBXNativeTarget;
			buildConfigurationList = D275A2B02BABD5B6001D79D5 /* Build configuration list for PBXNativeTarget "ChatFireBaseAppTests" */;
			buildPhases = (
				D275A2952BABD5B6001D79D5 /* Sources */,
				D275A2962BABD5B6001D79D5 /* Frameworks */,
				D275A2972BABD5B6001D79D5 /* Resources */,
			);
			buildRules = (
			);
			dependencies = (
				D275A29B2BABD5B6001D79D5 /* PBXTargetDependency */,
			);
			name = ChatFireBaseAppTests;
			productName = ChatFireBaseAppTests;
			productReference = D275A2992BABD5B6001D79D5 /* ChatFireBaseAppTests.xctest */;
			productType = "com.apple.product-type.bundle.unit-test";
		};
		D275A2A22BABD5B6001D79D5 /* ChatFireBaseAppUITests */ = {
			isa = PBXNativeTarget;
			buildConfigurationList = D275A2B32BABD5B6001D79D5 /* Build configuration list for PBXNativeTarget "ChatFireBaseAppUITests" */;
			buildPhases = (
				D275A29F2BABD5B6001D79D5 /* Sources */,
				D275A2A02BABD5B6001D79D5 /* Frameworks */,
				D275A2A12BABD5B6001D79D5 /* Resources */,
			);
			buildRules = (
			);
			dependencies = (
				D275A2A52BABD5B6001D79D5 /* PBXTargetDependency */,
			);
			name = ChatFireBaseAppUITests;
			productName = ChatFireBaseAppUITests;
			productReference = D275A2A32BABD5B6001D79D5 /* ChatFireBaseAppUITests.xctest */;
			productType = "com.apple.product-type.bundle.ui-testing";
		};
/* End PBXNativeTarget section */

/* Begin PBXProject section */
		D275A27F2BABD5B4001D79D5 /* Project object */ = {
			isa = PBXProject;
			attributes = {
				BuildIndependentTargetsInParallel = 1;
				LastSwiftUpdateCheck = 1530;
				LastUpgradeCheck = 1530;
				TargetAttributes = {
					D275A2862BABD5B4001D79D5 = {
						CreatedOnToolsVersion = 15.3;
					};
					D275A2982BABD5B6001D79D5 = {
						CreatedOnToolsVersion = 15.3;
						TestTargetID = D275A2862BABD5B4001D79D5;
					};
					D275A2A22BABD5B6001D79D5 = {
						CreatedOnToolsVersion = 15.3;
						TestTargetID = D275A2862BABD5B4001D79D5;
					};
				};
			};
			buildConfigurationList = D275A2822BABD5B4001D79D5 /* Build configuration list for PBXProject "ChatFireBaseApp" */;
			compatibilityVersion = "Xcode 13.0";
			developmentRegion = en;
			hasScannedForEncodings = 0;
			knownRegions = (
				en,
				Base,
			);
			mainGroup = D275A27E2BABD5B4001D79D5;
			packageReferences = (
				D275A2B62BABD6B0001D79D5 /* XCRemoteSwiftPackageReference "firebase-ios-sdk" */,
			);
			productRefGroup = D275A2882BABD5B4001D79D5 /* Products */;
			projectDirPath = "";
			projectRoot = "";
			targets = (
				D275A2862BABD5B4001D79D5 /* ChatFireBaseApp */,
				D275A2982BABD5B6001D79D5 /* ChatFireBaseAppTests */,
				D275A2A22BABD5B6001D79D5 /* ChatFireBaseAppUITests */,
			);
		};
/* End PBXProject section */

/* Begin PBXResourcesBuildPhase section */
		D275A2852BABD5B4001D79D5 /* Resources */ = {
			isa = PBXResourcesBuildPhase;
			buildActionMask = 2147483647;
			files = (
				D275A2942BABD5B6001D79D5 /* Preview Assets.xcassets in Resources */,
				D275A2CE2BABE0A1001D79D5 /* GoogleService-Info.plist in Resources */,
				D275A2DE2BAC1C13001D79D5 /* Launch Screen.storyboard in Resources */,
				D275A2912BABD5B6001D79D5 /* Assets.xcassets in Resources */,
				D2459BFD2BAD2FC900AC0F51 /* ReadMe.md in Resources */,
			);
			runOnlyForDeploymentPostprocessing = 0;
		};
		D275A2972BABD5B6001D79D5 /* Resources */ = {
			isa = PBXResourcesBuildPhase;
			buildActionMask = 2147483647;
			files = (
			);
			runOnlyForDeploymentPostprocessing = 0;
		};
		D275A2A12BABD5B6001D79D5 /* Resources */ = {
			isa = PBXResourcesBuildPhase;
			buildActionMask = 2147483647;
			files = (
			);
			runOnlyForDeploymentPostprocessing = 0;
		};
/* End PBXResourcesBuildPhase section */

/* Begin PBXSourcesBuildPhase section */
		D275A2832BABD5B4001D79D5 /* Sources */ = {
			isa = PBXSourcesBuildPhase;
			buildActionMask = 2147483647;
			files = (
				D275A2D92BAC13D0001D79D5 /* AddNewRoom.swift in Sources */,
				D275A2DC2BAC1B65001D79D5 /* MainView.swift in Sources */,
				D275A2E02BAC1DE7001D79D5 /* NameView.swift in Sources */,
				D275A2E32BAC1EC6001D79D5 /* button.swift in Sources */,
				D275A2D42BAC0F63001D79D5 /* RoomView.swift in Sources */,
				D2459BFA2BAD1CF300AC0F51 /* ChatModel.swift in Sources */,
				D275A2D72BAC100A001D79D5 /* room.swift in Sources */,
				D275A2CA2BABDAE9001D79D5 /* ChatView.swift in Sources */,
				D275A2E52BAC2089001D79D5 /* textfield.swift in Sources */,
				D275A28B2BABD5B4001D79D5 /* ChatFireBaseAppApp.swift in Sources */,
			);
			runOnlyForDeploymentPostprocessing = 0;
		};
		D275A2952BABD5B6001D79D5 /* Sources */ = {
			isa = PBXSourcesBuildPhase;
			buildActionMask = 2147483647;
			files = (
				D275A29E2BABD5B6001D79D5 /* ChatFireBaseAppTests.swift in Sources */,
			);
			runOnlyForDeploymentPostprocessing = 0;
		};
		D275A29F2BABD5B6001D79D5 /* Sources */ = {
			isa = PBXSourcesBuildPhase;
			buildActionMask = 2147483647;
			files = (
				D275A2A82BABD5B6001D79D5 /* ChatFireBaseAppUITests.swift in Sources */,
				D275A2AA2BABD5B6001D79D5 /* ChatFireBaseAppUITestsLaunchTests.swift in Sources */,
			);
			runOnlyForDeploymentPostprocessing = 0;
		};
/* End PBXSourcesBuildPhase section */

/* Begin PBXTargetDependency section */
		D275A29B2BABD5B6001D79D5 /* PBXTargetDependency */ = {
			isa = PBXTargetDependency;
			target = D275A2862BABD5B4001D79D5 /* ChatFireBaseApp */;
			targetProxy = D275A29A2BABD5B6001D79D5 /* PBXContainerItemProxy */;
		};
		D275A2A52BABD5B6001D79D5 /* PBXTargetDependency */ = {
			isa = PBXTargetDependency;
			target = D275A2862BABD5B4001D79D5 /* ChatFireBaseApp */;
			targetProxy = D275A2A42BABD5B6001D79D5 /* PBXContainerItemProxy */;
		};
/* End PBXTargetDependency section */

/* Begin XCBuildConfiguration section */
		D275A2AB2BABD5B6001D79D5 /* Debug */ = {
			isa = XCBuildConfiguration;
			buildSettings = {
				ALWAYS_SEARCH_USER_PATHS = NO;
				ASSETCATALOG_COMPILER_GENERATE_SWIFT_ASSET_SYMBOL_EXTENSIONS = YES;
				CLANG_ANALYZER_NONNULL = YES;
				CLANG_ANALYZER_NUMBER_OBJECT_CONVERSION = YES_AGGRESSIVE;
				CLANG_CXX_LANGUAGE_STANDARD = "gnu++20";
				CLANG_ENABLE_MODULES = YES;
				CLANG_ENABLE_OBJC_ARC = YES;
				CLANG_ENABLE_OBJC_WEAK = YES;
				CLANG_WARN_BLOCK_CAPTURE_AUTORELEASING = YES;
				CLANG_WARN_BOOL_CONVERSION = YES;
				CLANG_WARN_COMMA = YES;
				CLANG_WARN_CONSTANT_CONVERSION = YES;
				CLANG_WARN_DEPRECATED_OBJC_IMPLEMENTATIONS = YES;
				CLANG_WARN_DIRECT_OBJC_ISA_USAGE = YES_ERROR;
				CLANG_WARN_DOCUMENTATION_COMMENTS = YES;
				CLANG_WARN_EMPTY_BODY = YES;
				CLANG_WARN_ENUM_CONVERSION = YES;
				CLANG_WARN_INFINITE_RECURSION = YES;
				CLANG_WARN_INT_CONVERSION = YES;
				CLANG_WARN_NON_LITERAL_NULL_CONVERSION = YES;
				CLANG_WARN_OBJC_IMPLICIT_RETAIN_SELF = YES;
				CLANG_WARN_OBJC_LITERAL_CONVERSION = YES;
				CLANG_WARN_OBJC_ROOT_CLASS = YES_ERROR;
				CLANG_WARN_QUOTED_INCLUDE_IN_FRAMEWORK_HEADER = YES;
				CLANG_WARN_RANGE_LOOP_ANALYSIS = YES;
				CLANG_WARN_STRICT_PROTOTYPES = YES;
				CLANG_WARN_SUSPICIOUS_MOVE = YES;
				CLANG_WARN_UNGUARDED_AVAILABILITY = YES_AGGRESSIVE;
				CLANG_WARN_UNREACHABLE_CODE = YES;
				CLANG_WARN__DUPLICATE_METHOD_MATCH = YES;
				COPY_PHASE_STRIP = NO;
				DEBUG_INFORMATION_FORMAT = dwarf;
				ENABLE_STRICT_OBJC_MSGSEND = YES;
				ENABLE_TESTABILITY = YES;
				ENABLE_USER_SCRIPT_SANDBOXING = YES;
				GCC_C_LANGUAGE_STANDARD = gnu17;
				GCC_DYNAMIC_NO_PIC = NO;
				GCC_NO_COMMON_BLOCKS = YES;
				GCC_OPTIMIZATION_LEVEL = 0;
				GCC_PREPROCESSOR_DEFINITIONS = (
					"DEBUG=1",
					"$(inherited)",
				);
				GCC_WARN_64_TO_32_BIT_CONVERSION = YES;
				GCC_WARN_ABOUT_RETURN_TYPE = YES_ERROR;
				GCC_WARN_UNDECLARED_SELECTOR = YES;
				GCC_WARN_UNINITIALIZED_AUTOS = YES_AGGRESSIVE;
				GCC_WARN_UNUSED_FUNCTION = YES;
				GCC_WARN_UNUSED_VARIABLE = YES;
				INFOPLIST_KEY_UILaunchScreen_Generation = YES;
				INFOPLIST_KEY_UILaunchStoryboardName = "";
				IPHONEOS_DEPLOYMENT_TARGET = 17.3;
				LOCALIZATION_PREFERS_STRING_CATALOGS = YES;
				MTL_ENABLE_DEBUG_INFO = INCLUDE_SOURCE;
				MTL_FAST_MATH = YES;
				ONLY_ACTIVE_ARCH = YES;
				SDKROOT = iphoneos;
				SWIFT_ACTIVE_COMPILATION_CONDITIONS = "DEBUG $(inherited)";
				SWIFT_OPTIMIZATION_LEVEL = "-Onone";
			};
			name = Debug;
		};
		D275A2AC2BABD5B6001D79D5 /* Release */ = {
			isa = XCBuildConfiguration;
			buildSettings = {
				ALWAYS_SEARCH_USER_PATHS = NO;
				ASSETCATALOG_COMPILER_GENERATE_SWIFT_ASSET_SYMBOL_EXTENSIONS = YES;
				CLANG_ANALYZER_NONNULL = YES;
				CLANG_ANALYZER_NUMBER_OBJECT_CONVERSION = YES_AGGRESSIVE;
				CLANG_CXX_LANGUAGE_STANDARD = "gnu++20";
				CLANG_ENABLE_MODULES = YES;
				CLANG_ENABLE_OBJC_ARC = YES;
				CLANG_ENABLE_OBJC_WEAK = YES;
				CLANG_WARN_BLOCK_CAPTURE_AUTORELEASING = YES;
				CLANG_WARN_BOOL_CONVERSION = YES;
				CLANG_WARN_COMMA = YES;
				CLANG_WARN_CONSTANT_CONVERSION = YES;
				CLANG_WARN_DEPRECATED_OBJC_IMPLEMENTATIONS = YES;
				CLANG_WARN_DIRECT_OBJC_ISA_USAGE = YES_ERROR;
				CLANG_WARN_DOCUMENTATION_COMMENTS = YES;
				CLANG_WARN_EMPTY_BODY = YES;
				CLANG_WARN_ENUM_CONVERSION = YES;
				CLANG_WARN_INFINITE_RECURSION = YES;
				CLANG_WARN_INT_CONVERSION = YES;
				CLANG_WARN_NON_LITERAL_NULL_CONVERSION = YES;
				CLANG_WARN_OBJC_IMPLICIT_RETAIN_SELF = YES;
				CLANG_WARN_OBJC_LITERAL_CONVERSION = YES;
				CLANG_WARN_OBJC_ROOT_CLASS = YES_ERROR;
				CLANG_WARN_QUOTED_INCLUDE_IN_FRAMEWORK_HEADER = YES;
				CLANG_WARN_RANGE_LOOP_ANALYSIS = YES;
				CLANG_WARN_STRICT_PROTOTYPES = YES;
				CLANG_WARN_SUSPICIOUS_MOVE = YES;
				CLANG_WARN_UNGUARDED_AVAILABILITY = YES_AGGRESSIVE;
				CLANG_WARN_UNREACHABLE_CODE = YES;
				CLANG_WARN__DUPLICATE_METHOD_MATCH = YES;
				COPY_PHASE_STRIP = NO;
				DEBUG_INFORMATION_FORMAT = "dwarf-with-dsym";
				ENABLE_NS_ASSERTIONS = NO;
				ENABLE_STRICT_OBJC_MSGSEND = YES;
				ENABLE_USER_SCRIPT_SANDBOXING = YES;
				GCC_C_LANGUAGE_STANDARD = gnu17;
				GCC_NO_COMMON_BLOCKS = YES;
				GCC_WARN_64_TO_32_BIT_CONVERSION = YES;
				GCC_WARN_ABOUT_RETURN_TYPE = YES_ERROR;
				GCC_WARN_UNDECLARED_SELECTOR = YES;
				GCC_WARN_UNINITIALIZED_AUTOS = YES_AGGRESSIVE;
				GCC_WARN_UNUSED_FUNCTION = YES;
				GCC_WARN_UNUSED_VARIABLE = YES;
				INFOPLIST_KEY_UILaunchScreen_Generation = YES;
				INFOPLIST_KEY_UILaunchStoryboardName = "";
				IPHONEOS_DEPLOYMENT_TARGET = 17.3;
				LOCALIZATION_PREFERS_STRING_CATALOGS = YES;
				MTL_ENABLE_DEBUG_INFO = NO;
				MTL_FAST_MATH = YES;
				SDKROOT = iphoneos;
				SWIFT_COMPILATION_MODE = wholemodule;
				VALIDATE_PRODUCT = YES;
			};
			name = Release;
		};
		D275A2AE2BABD5B6001D79D5 /* Debug */ = {
			isa = XCBuildConfiguration;
			buildSettings = {
				ASSETCATALOG_COMPILER_APPICON_NAME = AppIcon;
				ASSETCATALOG_COMPILER_GLOBAL_ACCENT_COLOR_NAME = AccentColor;
				ASSETCATALOG_COMPILER_INCLUDE_ALL_APPICON_ASSETS = YES;
				CODE_SIGN_STYLE = Automatic;
				CURRENT_PROJECT_VERSION = 1;
				DEVELOPMENT_ASSET_PATHS = "\"ChatFireBaseApp/Preview Content\"";
				DEVELOPMENT_TEAM = YAH93RZF3C;
				ENABLE_PREVIEWS = YES;
				GENERATE_INFOPLIST_FILE = YES;
				INFOPLIST_FILE = ChatFireBaseApp/Info.plist;
				INFOPLIST_KEY_UIApplicationSceneManifest_Generation = YES;
				INFOPLIST_KEY_UIApplicationSupportsIndirectInputEvents = YES;
				INFOPLIST_KEY_UILaunchScreen_Generation = YES;
				INFOPLIST_KEY_UILaunchStoryboardName = "Launch Screen.storyboard";
				INFOPLIST_KEY_UISupportedInterfaceOrientations_iPad = "UIInterfaceOrientationPortrait UIInterfaceOrientationPortraitUpsideDown UIInterfaceOrientationLandscapeLeft UIInterfaceOrientationLandscapeRight";
				INFOPLIST_KEY_UISupportedInterfaceOrientations_iPhone = "UIInterfaceOrientationPortrait UIInterfaceOrientationLandscapeLeft UIInterfaceOrientationLandscapeRight";
				LD_RUNPATH_SEARCH_PATHS = (
					"$(inherited)",
					"@executable_path/Frameworks",
				);
				MARKETING_VERSION = 1.0;
				PRODUCT_BUNDLE_IDENTIFIER = com.tranvietanh1803.ChatFireBaseApp;
				PRODUCT_NAME = "$(TARGET_NAME)";
				SWIFT_EMIT_LOC_STRINGS = YES;
				SWIFT_VERSION = 5.0;
				TARGETED_DEVICE_FAMILY = "1,2";
			};
			name = Debug;
		};
		D275A2AF2BABD5B6001D79D5 /* Release */ = {
			isa = XCBuildConfiguration;
			buildSettings = {
				ASSETCATALOG_COMPILER_APPICON_NAME = AppIcon;
				ASSETCATALOG_COMPILER_GLOBAL_ACCENT_COLOR_NAME = AccentColor;
				ASSETCATALOG_COMPILER_INCLUDE_ALL_APPICON_ASSETS = YES;
				CODE_SIGN_STYLE = Automatic;
				CURRENT_PROJECT_VERSION = 1;
				DEVELOPMENT_ASSET_PATHS = "\"ChatFireBaseApp/Preview Content\"";
				DEVELOPMENT_TEAM = YAH93RZF3C;
				ENABLE_PREVIEWS = YES;
				GENERATE_INFOPLIST_FILE = YES;
				INFOPLIST_FILE = ChatFireBaseApp/Info.plist;
				INFOPLIST_KEY_UIApplicationSceneManifest_Generation = YES;
				INFOPLIST_KEY_UIApplicationSupportsIndirectInputEvents = YES;
				INFOPLIST_KEY_UILaunchScreen_Generation = YES;
				INFOPLIST_KEY_UILaunchStoryboardName = "Launch Screen.storyboard";
				INFOPLIST_KEY_UISupportedInterfaceOrientations_iPad = "UIInterfaceOrientationPortrait UIInterfaceOrientationPortraitUpsideDown UIInterfaceOrientationLandscapeLeft UIInterfaceOrientationLandscapeRight";
				INFOPLIST_KEY_UISupportedInterfaceOrientations_iPhone = "UIInterfaceOrientationPortrait UIInterfaceOrientationLandscapeLeft UIInterfaceOrientationLandscapeRight";
				LD_RUNPATH_SEARCH_PATHS = (
					"$(inherited)",
					"@executable_path/Frameworks",
				);
				MARKETING_VERSION = 1.0;
				PRODUCT_BUNDLE_IDENTIFIER = com.tranvietanh1803.ChatFireBaseApp;
				PRODUCT_NAME = "$(TARGET_NAME)";
				SWIFT_EMIT_LOC_STRINGS = YES;
				SWIFT_VERSION = 5.0;
				TARGETED_DEVICE_FAMILY = "1,2";
			};
			name = Release;
		};
		D275A2B12BABD5B6001D79D5 /* Debug */ = {
			isa = XCBuildConfiguration;
			buildSettings = {
				ALWAYS_EMBED_SWIFT_STANDARD_LIBRARIES = YES;
				BUNDLE_LOADER = "$(TEST_HOST)";
				CODE_SIGN_STYLE = Automatic;
				CURRENT_PROJECT_VERSION = 1;
				DEVELOPMENT_TEAM = YAH93RZF3C;
				GENERATE_INFOPLIST_FILE = YES;
				IPHONEOS_DEPLOYMENT_TARGET = 17.4;
				MARKETING_VERSION = 1.0;
				PRODUCT_BUNDLE_IDENTIFIER = com.tranvietanh1803.ChatFireBaseApp;
				PRODUCT_NAME = "$(TARGET_NAME)";
				SWIFT_EMIT_LOC_STRINGS = NO;
				SWIFT_VERSION = 5.0;
				TARGETED_DEVICE_FAMILY = "1,2";
				TEST_HOST = "$(BUILT_PRODUCTS_DIR)/ChatFireBaseApp.app/$(BUNDLE_EXECUTABLE_FOLDER_PATH)/ChatFireBaseApp";
			};
			name = Debug;
		};
		D275A2B22BABD5B6001D79D5 /* Release */ = {
			isa = XCBuildConfiguration;
			buildSettings = {
				ALWAYS_EMBED_SWIFT_STANDARD_LIBRARIES = YES;
				BUNDLE_LOADER = "$(TEST_HOST)";
				CODE_SIGN_STYLE = Automatic;
				CURRENT_PROJECT_VERSION = 1;
				DEVELOPMENT_TEAM = YAH93RZF3C;
				GENERATE_INFOPLIST_FILE = YES;
				IPHONEOS_DEPLOYMENT_TARGET = 17.4;
				MARKETING_VERSION = 1.0;
				PRODUCT_BUNDLE_IDENTIFIER = com.tranvietanh1803.ChatFireBaseApp;
				PRODUCT_NAME = "$(TARGET_NAME)";
				SWIFT_EMIT_LOC_STRINGS = NO;
				SWIFT_VERSION = 5.0;
				TARGETED_DEVICE_FAMILY = "1,2";
				TEST_HOST = "$(BUILT_PRODUCTS_DIR)/ChatFireBaseApp.app/$(BUNDLE_EXECUTABLE_FOLDER_PATH)/ChatFireBaseApp";
			};
			name = Release;
		};
		D275A2B42BABD5B6001D79D5 /* Debug */ = {
			isa = XCBuildConfiguration;
			buildSettings = {
				ALWAYS_EMBED_SWIFT_STANDARD_LIBRARIES = YES;
				CODE_SIGN_STYLE = Automatic;
				CURRENT_PROJECT_VERSION = 1;
				DEVELOPMENT_TEAM = YAH93RZF3C;
				GENERATE_INFOPLIST_FILE = YES;
				MARKETING_VERSION = 1.0;
				PRODUCT_BUNDLE_IDENTIFIER = test.ChatFireBaseAppUITests;
				PRODUCT_NAME = "$(TARGET_NAME)";
				SWIFT_EMIT_LOC_STRINGS = NO;
				SWIFT_VERSION = 5.0;
				TARGETED_DEVICE_FAMILY = "1,2";
				TEST_TARGET_NAME = ChatFireBaseApp;
			};
			name = Debug;
		};
		D275A2B52BABD5B6001D79D5 /* Release */ = {
			isa = XCBuildConfiguration;
			buildSettings = {
				ALWAYS_EMBED_SWIFT_STANDARD_LIBRARIES = YES;
				CODE_SIGN_STYLE = Automatic;
				CURRENT_PROJECT_VERSION = 1;
				DEVELOPMENT_TEAM = YAH93RZF3C;
				GENERATE_INFOPLIST_FILE = YES;
				MARKETING_VERSION = 1.0;
				PRODUCT_BUNDLE_IDENTIFIER = test.ChatFireBaseAppUITests;
				PRODUCT_NAME = "$(TARGET_NAME)";
				SWIFT_EMIT_LOC_STRINGS = NO;
				SWIFT_VERSION = 5.0;
				TARGETED_DEVICE_FAMILY = "1,2";
				TEST_TARGET_NAME = ChatFireBaseApp;
			};
			name = Release;
		};
/* End XCBuildConfiguration section */

/* Begin XCConfigurationList section */
		D275A2822BABD5B4001D79D5 /* Build configuration list for PBXProject "ChatFireBaseApp" */ = {
			isa = XCConfigurationList;
			buildConfigurations = (
				D275A2AB2BABD5B6001D79D5 /* Debug */,
				D275A2AC2BABD5B6001D79D5 /* Release */,
			);
			defaultConfigurationIsVisible = 0;
			defaultConfigurationName = Release;
		};
		D275A2AD2BABD5B6001D79D5 /* Build configuration list for PBXNativeTarget "ChatFireBaseApp" */ = {
			isa = XCConfigurationList;
			buildConfigurations = (
				D275A2AE2BABD5B6001D79D5 /* Debug */,
				D275A2AF2BABD5B6001D79D5 /* Release */,
			);
			defaultConfigurationIsVisible = 0;
			defaultConfigurationName = Release;
		};
		D275A2B02BABD5B6001D79D5 /* Build configuration list for PBXNativeTarget "ChatFireBaseAppTests" */ = {
			isa = XCConfigurationList;
			buildConfigurations = (
				D275A2B12BABD5B6001D79D5 /* Debug */,
				D275A2B22BABD5B6001D79D5 /* Release */,
			);
			defaultConfigurationIsVisible = 0;
			defaultConfigurationName = Release;
		};
		D275A2B32BABD5B6001D79D5 /* Build configuration list for PBXNativeTarget "ChatFireBaseAppUITests" */ = {
			isa = XCConfigurationList;
			buildConfigurations = (
				D275A2B42BABD5B6001D79D5 /* Debug */,
				D275A2B52BABD5B6001D79D5 /* Release */,
			);
			defaultConfigurationIsVisible = 0;
			defaultConfigurationName = Release;
		};
/* End XCConfigurationList section */

/* Begin XCRemoteSwiftPackageReference section */
		D275A2B62BABD6B0001D79D5 /* XCRemoteSwiftPackageReference "firebase-ios-sdk" */ = {
			isa = XCRemoteSwiftPackageReference;
			repositoryURL = "https://github.com/firebase/firebase-ios-sdk.git";
			requirement = {
				kind = upToNextMajorVersion;
				minimumVersion = 10.23.0;
			};
		};
/* End XCRemoteSwiftPackageReference section */

/* Begin XCSwiftPackageProductDependency section */
		D275A2B72BABD6B0001D79D5 /* FirebaseAnalytics */ = {
			isa = XCSwiftPackageProductDependency;
			package = D275A2B62BABD6B0001D79D5 /* XCRemoteSwiftPackageReference "firebase-ios-sdk" */;
			productName = FirebaseAnalytics;
		};
		D275A2B92BABD6B0001D79D5 /* FirebaseAnalyticsOnDeviceConversion */ = {
			isa = XCSwiftPackageProductDependency;
			package = D275A2B62BABD6B0001D79D5 /* XCRemoteSwiftPackageReference "firebase-ios-sdk" */;
			productName = FirebaseAnalyticsOnDeviceConversion;
		};
		D275A2BB2BABD6B0001D79D5 /* FirebaseAnalyticsSwift */ = {
			isa = XCSwiftPackageProductDependency;
			package = D275A2B62BABD6B0001D79D5 /* XCRemoteSwiftPackageReference "firebase-ios-sdk" */;
			productName = FirebaseAnalyticsSwift;
		};
		D275A2BD2BABD6B0001D79D5 /* FirebaseAnalyticsWithoutAdIdSupport */ = {
			isa = XCSwiftPackageProductDependency;
			package = D275A2B62BABD6B0001D79D5 /* XCRemoteSwiftPackageReference "firebase-ios-sdk" */;
			productName = FirebaseAnalyticsWithoutAdIdSupport;
		};
		D275A2BF2BABD6B0001D79D5 /* FirebaseAppCheck */ = {
			isa = XCSwiftPackageProductDependency;
			package = D275A2B62BABD6B0001D79D5 /* XCRemoteSwiftPackageReference "firebase-ios-sdk" */;
			productName = FirebaseAppCheck;
		};
		D275A2C12BABD6B0001D79D5 /* FirebaseAuth */ = {
			isa = XCSwiftPackageProductDependency;
			package = D275A2B62BABD6B0001D79D5 /* XCRemoteSwiftPackageReference "firebase-ios-sdk" */;
			productName = FirebaseAuth;
		};
		D275A2C32BABD6B0001D79D5 /* FirebaseDatabase */ = {
			isa = XCSwiftPackageProductDependency;
			package = D275A2B62BABD6B0001D79D5 /* XCRemoteSwiftPackageReference "firebase-ios-sdk" */;
			productName = FirebaseDatabase;
		};
		D275A2C52BABD6B0001D79D5 /* FirebaseDatabaseSwift */ = {
			isa = XCSwiftPackageProductDependency;
			package = D275A2B62BABD6B0001D79D5 /* XCRemoteSwiftPackageReference "firebase-ios-sdk" */;
			productName = FirebaseDatabaseSwift;
		};
/* End XCSwiftPackageProductDependency section */
	};
	rootObject = D275A27F2BABD5B4001D79D5 /* Project object */;
}
